
Microsoft Visual Studio Solution File, Format Version 12.00
# Visual Studio Version 16
VisualStudioVersion = 16.0.31105.61
MinimumVisualStudioVersion = 15.0.26124.0
Project("{2150E333-8FDC-42A3-9474-1A3956D46DE8}") = "src", "src", "{C3169E79-E4F1-47FD-BDC3-B5CA9B19E32C}"
EndProject
Project("{9A19103F-16F7-4668-BE54-9A1E7A4F7556}") = "MBW.Tools.RabbitDump", "src\MBW.Tools.RabbitDump\MBW.Tools.RabbitDump.csproj", "{BAA855F9-98F1-4DF7-8109-C0FF3FFFF261}"
EndProject
Project("{2150E333-8FDC-42A3-9474-1A3956D46DE8}") = "_Imports", "_Imports", "{5F21431A-BCA9-42CF-B8F2-596A3650CF32}"
	ProjectSection(SolutionItems) = preProject
		_Imports\Local.targets = _Imports\Local.targets
	EndProjectSection
EndProject
Project("{2150E333-8FDC-42A3-9474-1A3956D46DE8}") = "Solution Items", "Solution Items", "{3E7988BE-15F2-4CC4-A2A9-81B529AD6CFB}"
	ProjectSection(SolutionItems) = preProject
		Directory.Build.props = Directory.Build.props
		README.md = README.md
	EndProjectSection
EndProject
Global
	GlobalSection(SolutionConfigurationPlatforms) = preSolution
		Debug|Any CPU = Debug|Any CPU
		Debug|x64 = Debug|x64
		Debug|x86 = Debug|x86
		Release|Any CPU = Release|Any CPU
		Release|x64 = Release|x64
		Release|x86 = Release|x86
	EndGlobalSection
	GlobalSection(ProjectConfigurationPlatforms) = postSolution
		{BAA855F9-98F1-4DF7-8109-C0FF3FFFF261}.Debug|Any CPU.ActiveCfg = Debug|Any CPU
		{BAA855F9-98F1-4DF7-8109-C0FF3FFFF261}.Debug|Any CPU.Build.0 = Debug|Any CPU
		{BAA855F9-98F1-4DF7-8109-C0FF3FFFF261}.Debug|x64.ActiveCfg = Debug|Any CPU
		{BAA855F9-98F1-4DF7-8109-C0FF3FFFF261}.Debug|x64.Build.0 = Debug|Any CPU
		{BAA855F9-98F1-4DF7-8109-C0FF3FFFF261}.Debug|x86.ActiveCfg = Debug|Any CPU
		{BAA855F9-98F1-4DF7-8109-C0FF3FFFF261}.Debug|x86.Build.0 = Debug|Any CPU
		{BAA855F9-98F1-4DF7-8109-C0FF3FFFF261}.Release|Any CPU.ActiveCfg = Release|Any CPU
		{BAA855F9-98F1-4DF7-8109-C0FF3FFFF261}.Release|Any CPU.Build.0 = Release|Any CPU
		{BAA855F9-98F1-4DF7-8109-C0FF3FFFF261}.Release|x64.ActiveCfg = Release|Any CPU
		{BAA855F9-98F1-4DF7-8109-C0FF3FFFF261}.Release|x64.Build.0 = Release|Any CPU
		{BAA855F9-98F1-4DF7-8109-C0FF3FFFF261}.Release|x86.ActiveCfg = Release|Any CPU
		{BAA855F9-98F1-4DF7-8109-C0FF3FFFF261}.Release|x86.Build.0 = Release|Any CPU
	EndGlobalSection
	GlobalSection(SolutionProperties) = preSolution
		HideSolutionNode = FALSE
	EndGlobalSection
	GlobalSection(NestedProjects) = preSolution
		{BAA855F9-98F1-4DF7-8109-C0FF3FFFF261} = {C3169E79-E4F1-47FD-BDC3-B5CA9B19E32C}
		{5F21431A-BCA9-42CF-B8F2-596A3650CF32} = {3E7988BE-15F2-4CC4-A2A9-81B529AD6CFB}
	EndGlobalSection
	GlobalSection(ExtensibilityGlobals) = postSolution
		SolutionGuid = {AC740D61-2FAD-42D8-B85A-D93E87A71CB3}
	EndGlobalSection
EndGlobal
